{
  "object": {
    "pins": [
      {
        "package": "CryptoSwift",
        "repositoryURL": "https://github.com/krzyzanowskim/CryptoSwift.git",
        "state": {
          "branch": null,
          "revision": "874280173e082cdd7ac6602be235914efe3f4dbc",
          "version": "0.13.0"
        }
      }
    ]
  },
  "version": 1
}
